Microsoft Visual Studio Solution File, Format Version 12.00
# Visual Studio Version 17
VisualStudioVersion = 17.5.2.0
MinimumVisualStudioVersion = 10.0.40219.1
Project("{FAE04EC0-301F-11D3-BF4B-00C04F79EFBC}") = "TipJar", "TipJar.csproj", "{7717640A-A727-0519-5D21-1885E3C45369}"
EndProject
Global
	GlobalSection(SolutionConfigurationPlatforms) = preSolution
		Debug|Any CPU = Debug|Any CPU
		Release|Any CPU = Release|Any CPU
	EndGlobalSection
	GlobalSection(ProjectConfigurationPlatforms) = postSolution
		{7717640A-A727-0519-5D21-1885E3C45369}.Debug|Any CPU.ActiveCfg = Debug|Any CPU
		{7717640A-A727-0519-5D21-1885E3C45369}.Debug|Any CPU.Build.0 = Debug|Any CPU
		{7717640A-A727-0519-5D21-1885E3C45369}.Release|Any CPU.ActiveCfg = Release|Any CPU
		{7717640A-A727-0519-5D21-1885E3C45369}.Release|Any CPU.Build.0 = Release|Any CPU
	EndGlobalSection
	GlobalSection(SolutionProperties) = preSolution
		HideSolutionNode = FALSE
	EndGlobalSection
	GlobalSection(ExtensibilityGlobals) = postSolution
		SolutionGuid = {E8697C87-7EA9-4310-8EE1-1FCEBB8AEFF9}
	EndGlobalSection
EndGlobal
